// !$*UTF8*$!
{
	archiveVersion = 1;
	classes = {
	};
	objectVersion = 46;
	objects = {

/* Begin PBXBuildFile section */
		44493A491A31DD880081A3EF /* Foundation.framework in Frameworks */ = {isa = PBXBuildFile; fileRef = 44493A481A31DD880081A3EF /* Foundation.framework */; };
		44493A4B1A31DD880081A3EF /* CoreGraphics.framework in Frameworks */ = {isa = PBXBuildFile; fileRef = 44493A4A1A31DD880081A3EF /* CoreGraphics.framework */; };
		44493A4D1A31DD880081A3EF /* UIKit.framework in Frameworks */ = {isa = PBXBuildFile; fileRef = 44493A4C1A31DD880081A3EF /* UIKit.framework */; };
		44493A531A31DD890081A3EF /* InfoPlist.strings in Resources */ = {isa = PBXBuildFile; fileRef = 44493A511A31DD890081A3EF /* InfoPlist.strings */; };
		44493A551A31DD890081A3EF /* main.m in Sources */ = {isa = PBXBuildFile; fileRef = 44493A541A31DD890081A3EF /* main.m */; };
		44493A591A31DD890081A3EF /* ZLTAppDelegate.m in Sources */ = {isa = PBXBuildFile; fileRef = 44493A581A31DD890081A3EF /* ZLTAppDelegate.m */; };
		44493A5C1A31DD890081A3EF /* Main.storyboard in Resources */ = {isa = PBXBuildFile; fileRef = 44493A5A1A31DD890081A3EF /* Main.storyboard */; };
		44493A5F1A31DD890081A3EF /* ZLTViewController.m in Sources */ = {isa = PBXBuildFile; fileRef = 44493A5E1A31DD890081A3EF /* ZLTViewController.m */; };
		44493A611A31DD890081A3EF /* Images.xcassets in Resources */ = {isa = PBXBuildFile; fileRef = 44493A601A31DD890081A3EF /* Images.xcassets */; };
		44493A681A31DD890081A3EF /* XCTest.framework in Frameworks */ = {isa = PBXBuildFile; fileRef = 44493A671A31DD890081A3EF /* XCTest.framework */; };
		44493A691A31DD890081A3EF /* Foundation.framework in Frameworks */ = {isa = PBXBuildFile; fileRef = 44493A481A31DD880081A3EF /* Foundation.framework */; };
		44493A6A1A31DD890081A3EF /* UIKit.framework in Frameworks */ = {isa = PBXBuildFile; fileRef = 44493A4C1A31DD880081A3EF /* UIKit.framework */; };
		44493A721A31DD890081A3EF /* InfoPlist.strings in Resources */ = {isa = PBXBuildFile; fileRef = 44493A701A31DD890081A3EF /* InfoPlist.strings */; };
		44493A741A31DD890081A3EF /* TableViewDemoTests.m in Sources */ = {isa = PBXBuildFile; fileRef = 44493A731A31DD890081A3EF /* TableViewDemoTests.m */; };
/* End PBXBuildFile section */

/* Begin PBXContainerItemProxy section */
		44493A6B1A31DD890081A3EF /* PBXContainerItemProxy */ = {
			isa = PBXContainerItemProxy;
			containerPortal = 44493A3D1A31DD880081A3EF /* Project object */;
			proxyType = 1;
			remoteGlobalIDString = 44493A441A31DD880081A3EF;
			remoteInfo = TableViewDemo;
		};
/* End PBXContainerItemProxy section */

/* Begin PBXFileReference section */
		44493A451A31DD880081A3EF /* TableViewDemo.app */ = {isa = PBXFileReference; explicitFileType = wrapper.application; includeInIndex = 0; path = TableViewDemo.app; sourceTree = BUILT_PRODUCTS_DIR; };
		44493A481A31DD880081A3EF /* Foundation.framework */ = {isa = PBXFileReference; lastKnownFileType = wrapper.framework; name = Foundation.framework; path = System/Library/Frameworks/Foundation.framework; sourceTree = SDKROOT; };
		44493A4A1A31DD880081A3EF /* CoreGraphics.framework */ = {isa = PBXFileReference; lastKnownFileType = wrapper.framework; name = CoreGraphics.framework; path = System/Library/Frameworks/CoreGraphics.framework; sourceTree = SDKROOT; };
		44493A4C1A31DD880081A3EF /* UIKit.framework */ = {isa = PBXFileReference; lastKnownFileType = wrapper.framework; name = UIKit.framework; path = System/Library/Frameworks/UIKit.framework; sourceTree = SDKROOT; };
		44493A501A31DD890081A3EF /* TableViewDemo-Info.plist */ = {isa = PBXFileReference; lastKnownFileType = text.plist.xml; path = "TableViewDemo-Info.plist"; sourceTree = "<group>"; };
		44493A521A31DD890081A3EF /* en */ = {isa = PBXFileReference; lastKnownFileType = text.plist.strings; name = en; path = en.lproj/InfoPlist.strings; sourceTree = "<group>"; };
		44493A541A31DD890081A3EF /* main.m */ = {isa = PBXFileReference; lastKnownFileType = sourcecode.c.objc; path = main.m; sourceTree = "<group>"; };
		44493A561A31DD890081A3EF /* TableViewDemo-Prefix.pch */ = {isa = PBXFileReference; lastKnownFileType = sourcecode.c.h; path = "TableViewDemo-Prefix.pch"; sourceTree = "<group>"; };
		44493A571A31DD890081A3EF /* ZLTAppDelegate.h */ = {isa = PBXFileReference; lastKnownFileType = sourcecode.c.h; path = ZLTAppDelegate.h; sourceTree = "<group>"; };
		44493A581A31DD890081A3EF /* ZLTAppDelegate.m */ = {isa = PBXFileReference; lastKnownFileType = sourcecode.c.objc; path = ZLTAppDelegate.m; sourceTree = "<group>"; };
		44493A5B1A31DD890081A3EF /* Base */ = {isa = PBXFileReference; lastKnownFileType = file.storyboard; name = Base; path = Base.lproj/Main.storyboard; sourceTree = "<group>"; };
		44493A5D1A31DD890081A3EF /* ZLTViewController.h */ = {isa = PBXFileReference; lastKnownFileType = sourcecode.c.h; path = ZLTViewController.h; sourceTree = "<group>"; };
		44493A5E1A31DD890081A3EF /* ZLTViewController.m */ = {isa = PBXFileReference; lastKnownFileType = sourcecode.c.objc; path = ZLTViewController.m; sourceTree = "<group>"; };
		44493A601A31DD890081A3EF /* Images.xcassets */ = {isa = PBXFileReference; lastKnownFileType = folder.assetcatalog; path = Images.xcassets; sourceTree = "<group>"; };
		44493A661A31DD890081A3EF /* TableViewDemoTests.xctest */ = {isa = PBXFileReference; explicitFileType = wrapper.cfbundle; includeInIndex = 0; path = TableViewDemoTests.xctest; sourceTree = BUILT_PRODUCTS_DIR; };
		44493A671A31DD890081A3EF /* XCTest.framework */ = {isa = PBXFileReference; lastKnownFileType = wrapper.framework; name = XCTest.framework; path = Library/Frameworks/XCTest.framework; sourceTree = DEVELOPER_DIR; };
		44493A6F1A31DD890081A3EF /* TableViewDemoTests-Info.plist */ = {isa = PBXFileReference; lastKnownFileType = text.plist.xml; path = "TableViewDemoTests-Info.plist"; sourceTree = "<group>"; };
		44493A711A31DD890081A3EF /* en */ = {isa = PBXFileReference; lastKnownFileType = text.plist.strings; name = en; path = en.lproj/InfoPlist.strings; sourceTree = "<group>"; };
		44493A731A31DD890081A3EF /* TableViewDemoTests.m */ = {isa = PBXFileReference; lastKnownFileType = sourcecode.c.objc; path = TableViewDemoTests.m; sourceTree = "<group>"; };
/* End PBXFileReference section */

/* Begin PBXFrameworksBuildPhase section */
		44493A421A31DD880081A3EF /* Frameworks */ = {
			isa = PBXFrameworksBuildPhase;
			buildActionMask = 2147483647;
			files = (
				44493A4B1A31DD880081A3EF /* CoreGraphics.framework in Frameworks */,
				44493A4D1A31DD880081A3EF /* UIKit.framework in Frameworks */,
				44493A491A31DD880081A3EF /* Foundation.framework in Frameworks */,
			);
			runOnlyForDeploymentPostprocessing = 0;
		};
		44493A631A31DD890081A3EF /* Frameworks */ = {
			isa = PBXFrameworksBuildPhase;
			buildActionMask = 2147483647;
			files = (
				44493A681A31DD890081A3EF /* XCTest.framework in Frameworks */,
				44493A6A1A31DD890081A3EF /* UIKit.framework in Frameworks */,
				44493A691A31DD890081A3EF /* Foundation.framework in Frameworks */,
			);
			runOnlyForDeploymentPostprocessing = 0;
		};
/* End PBXFrameworksBuildPhase section */

/* Begin PBXGroup section */
		44493A3C1A31DD880081A3EF = {
			isa = PBXGroup;
			children = (
				44493A4E1A31DD880081A3EF /* TableViewDemo */,
				44493A6D1A31DD890081A3EF /* TableViewDemoTests */,
				44493A471A31DD880081A3EF /* Frameworks */,
				44493A461A31DD880081A3EF /* Products */,
			);
			sourceTree = "<group>";
		};
		44493A461A31DD880081A3EF /* Products */ = {
			isa = PBXGroup;
			children = (
				44493A451A31DD880081A3EF /* TableViewDemo.app */,
				44493A661A31DD890081A3EF /* TableViewDemoTests.xctest */,
			);
			name = Products;
			sourceTree = "<group>";
		};
		44493A471A31DD880081A3EF /* Frameworks */ = {
			isa = PBXGroup;
			children = (
				44493A481A31DD880081A3EF /* Foundation.framework */,
				44493A4A1A31DD880081A3EF /* CoreGraphics.framework */,
				44493A4C1A31DD880081A3EF /* UIKit.framework */,
				44493A671A31DD890081A3EF /* XCTest.framework */,
			);
			name = Frameworks;
			sourceTree = "<group>";
		};
		44493A4E1A31DD880081A3EF /* TableViewDemo */ = {
			isa = PBXGroup;
			children = (
				44493A571A31DD890081A3EF /* ZLTAppDelegate.h */,
				44493A581A31DD890081A3EF /* ZLTAppDelegate.m */,
				44493A5A1A31DD890081A3EF /* Main.storyboard */,
				44493A5D1A31DD890081A3EF /* ZLTViewController.h */,
				44493A5E1A31DD890081A3EF /* ZLTViewController.m */,
				44493A601A31DD890081A3EF /* Images.xcassets */,
				44493A4F1A31DD880081A3EF /* Supporting Files */,
			);
			path = TableViewDemo;
			sourceTree = "<group>";
		};
		44493A4F1A31DD880081A3EF /* Supporting Files */ = {
			isa = PBXGroup;
			children = (
				44493A501A31DD890081A3EF /* TableViewDemo-Info.plist */,
				44493A511A31DD890081A3EF /* InfoPlist.strings */,
				44493A541A31DD890081A3EF /* main.m */,
				44493A561A31DD890081A3EF /* TableViewDemo-Prefix.pch */,
			);
			name = "Supporting Files";
			sourceTree = "<group>";
		};
		44493A6D1A31DD890081A3EF /* TableViewDemoTests */ = {
			isa = PBXGroup;
			children = (
				44493A731A31DD890081A3EF /* TableViewDemoTests.m */,
				44493A6E1A31DD890081A3EF /* Supporting Files */,
			);
			path = TableViewDemoTests;
			sourceTree = "<group>";
		};
		44493A6E1A31DD890081A3EF /* Supporting Files */ = {
			isa = PBXGroup;
			children = (
				44493A6F1A31DD890081A3EF /* TableViewDemoTests-Info.plist */,
				44493A701A31DD890081A3EF /* InfoPlist.strings */,
			);
			name = "Supporting Files";
			sourceTree = "<group>";
		};
/* End PBXGroup section */

/* Begin PBXNativeTarget section */
		44493A441A31DD880081A3EF /* TableViewDemo */ = {
			isa = PBXNativeTarget;
			buildConfigurationList = 44493A771A31DD890081A3EF /* Build configuration list for PBXNativeTarget "TableViewDemo" */;
			buildPhases = (
				44493A411A31DD880081A3EF /* Sources */,
				44493A421A31DD880081A3EF /* Frameworks */,
				44493A431A31DD880081A3EF /* Resources */,
			);
			buildRules = (
			);
			dependencies = (
			);
			name = TableViewDemo;
			productName = TableViewDemo;
			productReference = 44493A451A31DD880081A3EF /* TableViewDemo.app */;
			productType = "com.apple.product-type.application";
		};
		44493A651A31DD890081A3EF /* TableViewDemoTests */ = {
			isa = PBXNativeTarget;
			buildConfigurationList = 44493A7A1A31DD890081A3EF /* Build configuration list for PBXNativeTarget "TableViewDemoTests" */;
			buildPhases = (
				44493A621A31DD890081A3EF /* Sources */,
				44493A631A31DD890081A3EF /* Frameworks */,
				44493A641A31DD890081A3EF /* Resources */,
			);
			buildRules = (
			);
			dependencies = (
				44493A6C1A31DD890081A3EF /* PBXTargetDependency */,
			);
			name = TableViewDemoTests;
			productName = TableViewDemoTests;
			productReference = 44493A661A31DD890081A3EF /* TableViewDemoTests.xctest */;
			productType = "com.apple.product-type.bundle.unit-test";
		};
/* End PBXNativeTarget section */

/* Begin PBXProject section */
		44493A3D1A31DD880081A3EF /* Project object */ = {
			isa = PBXProject;
			attributes = {
				CLASSPREFIX = ZLT;
				LastUpgradeCheck = 0510;
				ORGANIZATIONNAME = "臧立涛";
				TargetAttributes = {
					44493A651A31DD890081A3EF = {
						TestTargetID = 44493A441A31DD880081A3EF;
					};
				};
			};
			buildConfigurationList = 44493A401A31DD880081A3EF /* Build configuration list for PBXProject "TableViewDemo" */;
			compatibilityVersion = "Xcode 3.2";
			developmentRegion = English;
			hasScannedForEncodings = 0;
			knownRegions = (
				en,
				Base,
			);
			mainGroup = 44493A3C1A31DD880081A3EF;
			productRefGroup = 44493A461A31DD880081A3EF /* Products */;
			projectDirPath = "";
			projectRoot = "";
			targets = (
				44493A441A31DD880081A3EF /* TableViewDemo */,
				44493A651A31DD890081A3EF /* TableViewDemoTests */,
			);
		};
/* End PBXProject section */

/* Begin PBXResourcesBuildPhase section */
		44493A431A31DD880081A3EF /* Resources */ = {
			isa = PBXResourcesBuildPhase;
			buildActionMask = 2147483647;
			files = (
				44493A611A31DD890081A3EF /* Images.xcassets in Resources */,
				44493A531A31DD890081A3EF /* InfoPlist.strings in Resources */,
				44493A5C1A31DD890081A3EF /* Main.storyboard in Resources */,
			);
			runOnlyForDeploymentPostprocessing = 0;
		};
		44493A641A31DD890081A3EF /* Resources */ = {
			isa = PBXResourcesBuildPhase;
			buildActionMask = 2147483647;
			files = (
				44493A721A31DD890081A3EF /* InfoPlist.strings in Resources */,
			);
			runOnlyForDeploymentPostprocessing = 0;
		};
/* End PBXResourcesBuildPhase section */

/* Begin PBXSourcesBuildPhase section */
		44493A411A31DD880081A3EF /* Sources */ = {
			isa = PBXSourcesBuildPhase;
			buildActionMask = 2147483647;
			files = (
				44493A5F1A31DD890081A3EF /* ZLTViewController.m in Sources */,
				44493A551A31DD890081A3EF /* main.m in Sources */,
				44493A591A31DD890081A3EF /* ZLTAppDelegate.m in Sources */,
			);
			runOnlyForDeploymentPostprocessing = 0;
		};
		44493A621A31DD890081A3EF /* Sources */ = {
			isa = PBXSourcesBuildPhase;
			buildActionMask = 2147483647;
			files = (
				44493A741A31DD890081A3EF /* TableViewDemoTests.m in Sources */,
			);
			runOnlyForDeploymentPostprocessing = 0;
		};
/* End PBXSourcesBuildPhase section */

/* Begin PBXTargetDependency section */
		44493A6C1A31DD890081A3EF /* PBXTargetDependency */ = {
			isa = PBXTargetDependency;
			target = 44493A441A31DD880081A3EF /* TableViewDemo */;
			targetProxy = 44493A6B1A31DD890081A3EF /* PBXContainerItemProxy */;
		};
/* End PBXTargetDependency section */

/* Begin PBXVariantGroup section */
		44493A511A31DD890081A3EF /* InfoPlist.strings */ = {
			isa = PBXVariantGroup;
			children = (
				44493A521A31DD890081A3EF /* en */,
			);
			name = InfoPlist.strings;
			sourceTree = "<group>";
		};
		44493A5A1A31DD890081A3EF /* Main.storyboard */ = {
			isa = PBXVariantGroup;
			children = (
				44493A5B1A31DD890081A3EF /* Base */,
			);
			name = Main.storyboard;
			sourceTree = "<group>";
		};
		44493A701A31DD890081A3EF /* InfoPlist.strings */ = {
			isa = PBXVariantGroup;
			children = (
				44493A711A31DD890081A3EF /* en */,
			);
			name = InfoPlist.strings;
			sourceTree = "<group>";
		};
/* End PBXVariantGroup section */

/* Begin XCBuildConfiguration section */
		44493A751A31DD890081A3EF /* Debug */ = {
			isa = XCBuildConfiguration;
			buildSettings = {
				ALWAYS_SEARCH_USER_PATHS = NO;
				CLANG_CXX_LANGUAGE_STANDARD = "gnu++0x";
				CLANG_CXX_LIBRARY = "libc++";
				CLANG_ENABLE_MODULES = YES;
				CLANG_ENABLE_OBJC_ARC = YES;
				CLANG_WARN_BOOL_CONVERSION = YES;
				CLANG_WARN_CONSTANT_CONVERSION = YES;
				CLANG_WARN_DIRECT_OBJC_ISA_USAGE = YES_ERROR;
				CLANG_WARN_EMPTY_BODY = YES;
				CLANG_WARN_ENUM_CONVERSION = YES;
				CLANG_WARN_INT_CONVERSION = YES;
				CLANG_WARN_OBJC_ROOT_CLASS = YES_ERROR;
				CLANG_WARN__DUPLICATE_METHOD_MATCH = YES;
				"CODE_SIGN_IDENTITY[sdk=iphoneos*]" = "iPhone Developer";
				COPY_PHASE_STRIP = NO;
				GCC_C_LANGUAGE_STANDARD = gnu99;
				GCC_DYNAMIC_NO_PIC = NO;
				GCC_OPTIMIZATION_LEVEL = 0;
				GCC_PREPROCESSOR_DEFINITIONS = (
					"DEBUG=1",
					"$(inherited)",
				);
				GCC_SYMBOLS_PRIVATE_EXTERN = NO;
				GCC_WARN_64_TO_32_BIT_CONVERSION = YES;
				GCC_WARN_ABOUT_RETURN_TYPE = YES_ERROR;
				GCC_WARN_UNDECLARED_SELECTOR = YES;
				GCC_WARN_UNINITIALIZED_AUTOS = YES_AGGRESSIVE;
				GCC_WARN_UNUSED_FUNCTION = YES;
				GCC_WARN_UNUSED_VARIABLE = YES;
				IPHONEOS_DEPLOYMENT_TARGET = 7.1;
				ONLY_ACTIVE_ARCH = YES;
				SDKROOT = iphoneos;
			};
			name = Debug;
		};
		44493A761A31DD890081A3EF /* Release */ = {
			isa = XCBuildConfiguration;
			buildSettings = {
				ALWAYS_SEARCH_USER_PATHS = NO;
				CLANG_CXX_LANGUAGE_STANDARD = "gnu++0x";
				CLANG_CXX_LIBRARY = "libc++";
				CLANG_ENABLE_MODULES = YES;
				CLANG_ENABLE_OBJC_ARC = YES;
				CLANG_WARN_BOOL_CONVERSION = YES;
				CLANG_WARN_CONSTANT_CONVERSION = YES;
				CLANG_WARN_DIRECT_OBJC_ISA_USAGE = YES_ERROR;
				CLANG_WARN_EMPTY_BODY = YES;
				CLANG_WARN_ENUM_CONVERSION = YES;
				CLANG_WARN_INT_CONVERSION = YES;
				CLANG_WARN_OBJC_ROOT_CLASS = YES_ERROR;
				CLANG_WARN__DUPLICATE_METHOD_MATCH = YES;
				"CODE_SIGN_IDENTITY[sdk=iphoneos*]" = "iPhone Developer";
				COPY_PHASE_STRIP = YES;
				ENABLE_NS_ASSERTIONS = NO;
				GCC_C_LANGUAGE_STANDARD = gnu99;
				GCC_WARN_64_TO_32_BIT_CONVERSION = YES;
				GCC_WARN_ABOUT_RETURN_TYPE = YES_ERROR;
				GCC_WARN_UNDECLARED_SELECTOR = YES;
				GCC_WARN_UNINITIALIZED_AUTOS = YES_AGGRESSIVE;
				GCC_WARN_UNUSED_FUNCTION = YES;
				GCC_WARN_UNUSED_VARIABLE = YES;
				IPHONEOS_DEPLOYMENT_TARGET = 7.1;
				SDKROOT = iphoneos;
				VALIDATE_PRODUCT = YES;
			};
			name = Release;
		};
		44493A781A31DD890081A3EF /* Debug */ = {
			isa = XCBuildConfiguration;
			buildSettings = {
				ASSETCATALOG_COMPILER_APPICON_NAME = AppIcon;
				ASSETCATALOG_COMPILER_LAUNCHIMAGE_NAME = LaunchImage;
				GCC_PRECOMPILE_PREFIX_HEADER = YES;
				GCC_PREFIX_HEADER = "TableViewDemo/TableViewDemo-Prefix.pch";
				INFOPLIST_FILE = "TableViewDemo/TableViewDemo-Info.plist";
				PRODUCT_NAME = "$(TARGET_NAME)";
				WRAPPER_EXTENSION = app;
			};
			name = Debug;
		};
		44493A791A31DD890081A3EF /* Release */ = {
			isa = XCBuildConfiguration;
			buildSettings = {
				ASSETCATALOG_COMPILER_APPICON_NAME = AppIcon;
				ASSETCATALOG_COMPILER_LAUNCHIMAGE_NAME = LaunchImage;
				GCC_PRECOMPILE_PREFIX_HEADER = YES;
				GCC_PREFIX_HEADER = "TableViewDemo/TableViewDemo-Prefix.pch";
				INFOPLIST_FILE = "TableViewDemo/TableViewDemo-Info.plist";
				PRODUCT_NAME = "$(TARGET_NAME)";
				WRAPPER_EXTENSION = app;
			};
			name = Release;
		};
		44493A7B1A31DD890081A3EF /* Debug */ = {
			isa = XCBuildConfiguration;
			buildSettings = {
				BUNDLE_LOADER = "$(BUILT_PRODUCTS_DIR)/TableViewDemo.app/TableViewDemo";
				FRAMEWORK_SEARCH_PATHS = (
					"$(SDKROOT)/Developer/Library/Frameworks",
					"$(inherited)",
					"$(DEVELOPER_FRAMEWORKS_DIR)",
				);
				GCC_PRECOMPILE_PREFIX_HEADER = YES;
				GCC_PREFIX_HEADER = "TableViewDemo/TableViewDemo-Prefix.pch";
				GCC_PREPROCESSOR_DEFINITIONS = (
					"DEBUG=1",
					"$(inherited)",
				);
				INFOPLIST_FILE = "TableViewDemoTests/TableViewDemoTests-Info.plist";
				PRODUCT_NAME = "$(TARGET_NAME)";
				TEST_HOST = "$(BUNDLE_LOADER)";
				WRAPPER_EXTENSION = xctest;
			};
			name = Debug;
		};
		44493A7C1A31DD890081A3EF /* Release */ = {
			isa = XCBuildConfiguration;
			buildSettings = {
				BUNDLE_LOADER = "$(BUILT_PRODUCTS_DIR)/TableViewDemo.app/TableViewDemo";
				FRAMEWORK_SEARCH_PATHS = (
					"$(SDKROOT)/Developer/Library/Frameworks",
					"$(inherited)",
					"$(DEVELOPER_FRAMEWORKS_DIR)",
				);
				GCC_PRECOMPILE_PREFIX_HEADER = YES;
				GCC_PREFIX_HEADER = "TableViewDemo/TableViewDemo-Prefix.pch";
				INFOPLIST_FILE = "TableViewDemoTests/TableViewDemoTests-Info.plist";
				PRODUCT_NAME = "$(TARGET_NAME)";
				TEST_HOST = "$(BUNDLE_LOADER)";
				WRAPPER_EXTENSION = xctest;
			};
			name = Release;
		};
/* End XCBuildConfiguration section */

/* Begin XCConfigurationList section */
		44493A401A31DD880081A3EF /* Build configuration list for PBXProject "TableViewDemo" */ = {
			isa = XCConfigurationList;
			buildConfigurations = (
				44493A751A31DD890081A3EF /* Debug */,
				44493A761A31DD890081A3EF /* Release */,
			);
			defaultConfigurationIsVisible = 0;
			defaultConfigurationName = Release;
		};
		44493A771A31DD890081A3EF /* Build configuration list for PBXNativeTarget "TableViewDemo" */ = {
			isa = XCConfigurationList;
			buildConfigurations = (
				44493A781A31DD890081A3EF /* Debug */,
				44493A791A31DD890081A3EF /* Release */,
			);
			defaultConfigurationIsVisible = 0;
		};
		44493A7A1A31DD890081A3EF /* Build configuration list for PBXNativeTarget "TableViewDemoTests" */ = {
			isa = XCConfigurationList;
			buildConfigurations = (
				44493A7B1A31DD890081A3EF /* Debug */,
				44493A7C1A31DD890081A3EF /* Release */,
			);
			defaultConfigurationIsVisible = 0;
		};
/* End XCConfigurationList section */
	};
	rootObject = 44493A3D1A31DD880081A3EF /* Project object */;
}
